<?xml version="1.0" encoding="UTF-8"?>
<Scheme
   LastUpgradeVersion = "1600"
   version = "1.7">
   <BuildAction
      parallelizeBuildables = "YES"
      buildImplicitDependencies = "YES"
      buildArchitectures = "Automatic">
      <BuildActionEntries>
         <BuildActionEntry
            buildForTesting = "YES"
            buildForRunning = "YES"
            buildForProfiling = "YES"
            buildForArchiving = "YES"
            buildForAnalyzing = "YES">
            <BuildableReference
               BuildableIdentifier = "primary"
               BlueprintIdentifier = "vctool"
               BuildableName = "vctool"
               BlueprintName = "vctool"
               ReferencedContainer = "container:">
            </BuildableReference>
         </BuildActionEntry>
      </BuildActionEntries>
   </BuildAction>
   <TestAction
      buildConfiguration = "Debug"
      selectedDebuggerIdentifier = "Xcode.DebuggerFoundation.Debugger.LLDB"
      selectedLauncherIdentifier = "Xcode.DebuggerFoundation.Launcher.LLDB"
      shouldUseLaunchSchemeArgsEnv = "YES"
      shouldAutocreateTestPlan = "YES">
   </TestAction>
   <LaunchAction
      buildConfiguration = "Debug"
      selectedDebuggerIdentifier = "Xcode.DebuggerFoundation.Debugger.LLDB"
      selectedLauncherIdentifier = "Xcode.DebuggerFoundation.Launcher.LLDB"
      launchStyle = "0"
      useCustomWorkingDirectory = "NO"
      ignoresPersistentStateOnLaunch = "NO"
      debugDocumentVersioning = "YES"
      debugServiceExtension = "internal"
      allowLocationSimulation = "YES">
      <BuildableProductRunnable
         runnableDebuggingMode = "0">
         <BuildableReference
            BuildableIdentifier = "primary"
            BlueprintIdentifier = "vctool"
            BuildableName = "vctool"
            BlueprintName = "vctool"
            ReferencedContainer = "container:">
         </BuildableReference>
      </BuildableProductRunnable>
      <CommandLineArguments>
         <CommandLineArgument
            argument = "group"
            isEnabled = "YES">
         </CommandLineArgument>
         <CommandLineArgument
            argument = "add"
            isEnabled = "YES">
         </CommandLineArgument>
         <CommandLineArgument
            argument = "--id"
            isEnabled = "YES">
         </CommandLineArgument>
         <CommandLineArgument
            argument = "sequoia"
            isEnabled = "YES">
         </CommandLineArgument>
         <CommandLineArgument
            argument = "--name"
            isEnabled = "YES">
         </CommandLineArgument>
         <CommandLineArgument
            argument = "&quot;macOS Sequoia&quot;"
            isEnabled = "YES">
         </CommandLineArgument>
         <CommandLineArgument
            argument = "--version"
            isEnabled = "YES">
         </CommandLineArgument>
         <CommandLineArgument
            argument = "15"
            isEnabled = "YES">
         </CommandLineArgument>
         <CommandLineArgument
            argument = "--image"
            isEnabled = "YES">
         </CommandLineArgument>
         <CommandLineArgument
            argument = "~/Downloads/sequoia.png"
            isEnabled = "YES">
         </CommandLineArgument>
         <CommandLineArgument
            argument = "-o"
            isEnabled = "YES">
         </CommandLineArgument>
         <CommandLineArgument
            argument = "~/Downloads/softwarecatalog/ipsws_v2.json"
            isEnabled = "YES">
         </CommandLineArgument>
      </CommandLineArguments>
   </LaunchAction>
   <ProfileAction
      buildConfiguration = "Release"
      shouldUseLaunchSchemeArgsEnv = "YES"
      savedToolIdentifier = ""
      useCustomWorkingDirectory = "NO"
      debugDocumentVersioning = "YES">
      <BuildableProductRunnable
         runnableDebuggingMode = "0">
         <BuildableReference
            BuildableIdentifier = "primary"
            BlueprintIdentifier = "vctool"
            BuildableName = "vctool"
            BlueprintName = "vctool"
            ReferencedContainer = "container:">
         </BuildableReference>
      </BuildableProductRunnable>
   </ProfileAction>
   <AnalyzeAction
      buildConfiguration = "Debug">
   </AnalyzeAction>
   <ArchiveAction
      buildConfiguration = "Release"
      revealArchiveInOrganizer = "YES">
   </ArchiveAction>
</Scheme>
