<?xml version="1.0" encoding="UTF-8"?>
<Scheme
   LastUpgradeVersion = "1600"
   version = "1.7">
   <BuildAction
      parallelizeBuildables = "YES"
      buildImplicitDependencies = "YES"
      buildArchitectures = "Automatic">
      <BuildActionEntries>
         <BuildActionEntry
            buildForTesting = "YES"
            buildForRunning = "YES"
            buildForProfiling = "YES"
            buildForArchiving = "YES"
            buildForAnalyzing = "YES">
            <BuildableReference
               BuildableIdentifier = "primary"
               BlueprintIdentifier = "vctool"
               BuildableName = "vctool"
               BlueprintName = "vctool"
               ReferencedContainer = "container:">
            </BuildableReference>
         </BuildActionEntry>
      </BuildActionEntries>
   </BuildAction>
   <TestAction
      buildConfiguration = "Debug"
      selectedDebuggerIdentifier = "Xcode.DebuggerFoundation.Debugger.LLDB"
      selectedLauncherIdentifier = "Xcode.DebuggerFoundation.Launcher.LLDB"
      shouldUseLaunchSchemeArgsEnv = "YES"
      shouldAutocreateTestPlan = "YES">
   </TestAction>
   <LaunchAction
      buildConfiguration = "Debug"
      selectedDebuggerIdentifier = "Xcode.DebuggerFoundation.Debugger.LLDB"
      selectedLauncherIdentifier = "Xcode.DebuggerFoundation.Launcher.LLDB"
      launchStyle = "0"
      useCustomWorkingDirectory = "NO"
      ignoresPersistentStateOnLaunch = "NO"
      debugDocumentVersioning = "YES"
      debugServiceExtension = "internal"
      allowLocationSimulation = "YES">
      <BuildableProductRunnable
         runnableDebuggingMode = "0">
         <BuildableReference
            BuildableIdentifier = "primary"
            BlueprintIdentifier = "vctool"
            BuildableName = "vctool"
            BlueprintName = "vctool"
            ReferencedContainer = "container:">
         </BuildableReference>
      </BuildableProductRunnable>
      <CommandLineArguments>
         <CommandLineArgument
            argument = "catalog"
            isEnabled = "NO">
         </CommandLineArgument>
         <CommandLineArgument
            argument = "group"
            isEnabled = "NO">
         </CommandLineArgument>
         <CommandLineArgument
            argument = "add"
            isEnabled = "NO">
         </CommandLineArgument>
         <CommandLineArgument
            argument = "--id"
            isEnabled = "NO">
         </CommandLineArgument>
         <CommandLineArgument
            argument = "jammyjellyfish"
            isEnabled = "NO">
         </CommandLineArgument>
         <CommandLineArgument
            argument = "--name"
            isEnabled = "NO">
         </CommandLineArgument>
         <CommandLineArgument
            argument = "&quot;Ubuntu Jammy Jellyfish&quot;"
            isEnabled = "NO">
         </CommandLineArgument>
         <CommandLineArgument
            argument = "--version"
            isEnabled = "NO">
         </CommandLineArgument>
         <CommandLineArgument
            argument = "22"
            isEnabled = "NO">
         </CommandLineArgument>
         <CommandLineArgument
            argument = "--image"
            isEnabled = "NO">
         </CommandLineArgument>
         <CommandLineArgument
            argument = "~/Downloads/ubuntu-jammyjellyfish.heic"
            isEnabled = "NO">
         </CommandLineArgument>
         <CommandLineArgument
            argument = "-o"
            isEnabled = "NO">
         </CommandLineArgument>
         <CommandLineArgument
            argument = "~/Downloads/softwarecatalog/linux_v2.json"
            isEnabled = "NO">
         </CommandLineArgument>
         <CommandLineArgument
            argument = "-------------------------------------------------------------"
            isEnabled = "NO">
         </CommandLineArgument>
         <CommandLineArgument
            argument = "resolve"
            isEnabled = "NO">
         </CommandLineArgument>
         <CommandLineArgument
            argument = "-i"
            isEnabled = "NO">
         </CommandLineArgument>
         <CommandLineArgument
            argument = "~/Developer/_projects/VirtualBuddy/data/linux_v2.json"
            isEnabled = "NO">
         </CommandLineArgument>
         <CommandLineArgument
            argument = "--linux"
            isEnabled = "NO">
         </CommandLineArgument>
         <CommandLineArgument
            argument = "--help"
            isEnabled = "NO">
         </CommandLineArgument>
         <CommandLineArgument
            argument = "-------------------------------------------------------------"
            isEnabled = "NO">
         </CommandLineArgument>
         <CommandLineArgument
            argument = "ipsw"
            isEnabled = "NO">
         </CommandLineArgument>
         <CommandLineArgument
            argument = "inspect"
            isEnabled = "NO">
         </CommandLineArgument>
         <CommandLineArgument
            argument = "https://updates.cdn-apple.com/2024SummerSeed/fullrestores/062-47125/381F8D56-0EB1-4EB6-AEF4-04D9BC5D2426/UniversalMac_15.1_24B5009l_Restore.ipsw"
            isEnabled = "NO">
         </CommandLineArgument>
         <CommandLineArgument
            argument = "--vm"
            isEnabled = "NO">
         </CommandLineArgument>
         <CommandLineArgument
            argument = "-------------------------------------------------------------"
            isEnabled = "NO">
         </CommandLineArgument>
         <CommandLineArgument
            argument = "mobiledevice"
            isEnabled = "NO">
         </CommandLineArgument>
         <CommandLineArgument
            argument = "version"
            isEnabled = "NO">
         </CommandLineArgument>
         <CommandLineArgument
            argument = "-------------------------------------------------------------"
            isEnabled = "NO">
         </CommandLineArgument>
         <CommandLineArgument
            argument = "catalog"
            isEnabled = "YES">
         </CommandLineArgument>
         <CommandLineArgument
            argument = "migrate"
            isEnabled = "YES">
         </CommandLineArgument>
         <CommandLineArgument
            argument = "-i"
            isEnabled = "YES">
         </CommandLineArgument>
         <CommandLineArgument
            argument = "~/Downloads/softwarecatalog/ipsws_v1.json"
            isEnabled = "YES">
         </CommandLineArgument>
         <CommandLineArgument
            argument = "-o"
            isEnabled = "YES">
         </CommandLineArgument>
         <CommandLineArgument
            argument = "~/Downloads/softwarecatalog/ipsws_v2.json"
            isEnabled = "YES">
         </CommandLineArgument>
         <CommandLineArgument
            argument = "-------------------------------------------------------------"
            isEnabled = "NO">
         </CommandLineArgument>
         <CommandLineArgument
            argument = "--help"
            isEnabled = "NO">
         </CommandLineArgument>
      </CommandLineArguments>
   </LaunchAction>
   <ProfileAction
      buildConfiguration = "Release"
      shouldUseLaunchSchemeArgsEnv = "YES"
      savedToolIdentifier = ""
      useCustomWorkingDirectory = "NO"
      debugDocumentVersioning = "YES">
      <BuildableProductRunnable
         runnableDebuggingMode = "0">
         <BuildableReference
            BuildableIdentifier = "primary"
            BlueprintIdentifier = "vctool"
            BuildableName = "vctool"
            BlueprintName = "vctool"
            ReferencedContainer = "container:">
         </BuildableReference>
      </BuildableProductRunnable>
   </ProfileAction>
   <AnalyzeAction
      buildConfiguration = "Debug">
   </AnalyzeAction>
   <ArchiveAction
      buildConfiguration = "Release"
      revealArchiveInOrganizer = "YES">
   </ArchiveAction>
</Scheme>
