<?xml version="1.0" encoding="UTF-8"?>
<Scheme
   LastUpgradeVersion = "1640"
   version = "1.3">
   <BuildAction
      parallelizeBuildables = "YES"
      buildImplicitDependencies = "YES">
      <BuildActionEntries>
         <BuildActionEntry
            buildForTesting = "YES"
            buildForRunning = "YES"
            buildForProfiling = "YES"
            buildForArchiving = "YES"
            buildForAnalyzing = "YES">
            <BuildableReference
               BuildableIdentifier = "primary"
               BlueprintIdentifier = "F4BE9C4D27FF052100B648F8"
               BuildableName = "VirtualBuddy.app"
               BlueprintName = "VirtualBuddy"
               ReferencedContainer = "container:VirtualBuddy.xcodeproj">
            </BuildableReference>
         </BuildActionEntry>
      </BuildActionEntries>
   </BuildAction>
   <TestAction
      buildConfiguration = "Debug_Managed"
      selectedDebuggerIdentifier = "Xcode.DebuggerFoundation.Debugger.LLDB"
      selectedLauncherIdentifier = "Xcode.DebuggerFoundation.Launcher.LLDB"
      shouldUseLaunchSchemeArgsEnv = "YES">
      <Testables>
      </Testables>
   </TestAction>
   <LaunchAction
      buildConfiguration = "Debug_Managed"
      selectedDebuggerIdentifier = "Xcode.DebuggerFoundation.Debugger.LLDB"
      selectedLauncherIdentifier = "Xcode.DebuggerFoundation.Launcher.LLDB"
      launchStyle = "0"
      useCustomWorkingDirectory = "NO"
      ignoresPersistentStateOnLaunch = "NO"
      debugDocumentVersioning = "YES"
      debugServiceExtension = "internal"
      allowLocationSimulation = "YES">
      <BuildableProductRunnable
         runnableDebuggingMode = "0">
         <BuildableReference
            BuildableIdentifier = "primary"
            BlueprintIdentifier = "F4BE9C4D27FF052100B648F8"
            BuildableName = "VirtualBuddy.app"
            BlueprintName = "VirtualBuddy"
            ReferencedContainer = "container:VirtualBuddy.xcodeproj">
         </BuildableReference>
      </BuildableProductRunnable>
      <CommandLineArguments>
         <CommandLineArgument
            argument = "-VerboseUILoggingEnabled YES"
            isEnabled = "YES">
         </CommandLineArgument>
         <CommandLineArgument
            argument = "-WHVerbosePacketLogging YES"
            isEnabled = "YES">
         </CommandLineArgument>
         <CommandLineArgument
            argument = "-VBAPIEnvironment local"
            isEnabled = "NO">
         </CommandLineArgument>
         <CommandLineArgument
            argument = "-VBDisableMemoryLeakAssertions YES"
            isEnabled = "NO">
         </CommandLineArgument>
         <CommandLineArgument
            argument = "-WHDisablePayloadPropagation YES"
            isEnabled = "NO">
         </CommandLineArgument>
         <CommandLineArgument
            argument = "-VBForceBuiltInSoftwareCatalog YES"
            isEnabled = "NO">
         </CommandLineArgument>
         <CommandLineArgument
            argument = "-VBSimulateInstall YES"
            isEnabled = "NO">
         </CommandLineArgument>
         <CommandLineArgument
            argument = "-VBSimulateDownload YES"
            isEnabled = "NO">
         </CommandLineArgument>
         <CommandLineArgument
            argument = "-VBSimulateSlowCatalogFetch YES"
            isEnabled = "NO">
         </CommandLineArgument>
         <CommandLineArgument
            argument = "-VBSimulateHostVersion 12.0"
            isEnabled = "NO">
         </CommandLineArgument>
         <CommandLineArgument
            argument = "-VBSimulateMobileDeviceVersion 1770.0.0"
            isEnabled = "YES">
         </CommandLineArgument>
         <CommandLineArgument
            argument = "-VBForceSigningStatusUnsigned YES"
            isEnabled = "NO">
         </CommandLineArgument>
         <CommandLineArgument
            argument = "-VBForceSigningStatusSigned YES"
            isEnabled = "NO">
         </CommandLineArgument>
         <CommandLineArgument
            argument = "-VBForceSigningStatusRequestFailed YES"
            isEnabled = "NO">
         </CommandLineArgument>
         <CommandLineArgument
            argument = "-VBTestImport &apos;/Users/insidegui/Library/Containers/com.utmapp.UTM/Data/Documents/macOS 26.utm&apos;"
            isEnabled = "NO">
         </CommandLineArgument>
         <CommandLineArgument
            argument = "-VBTestImportSkipConfirmation YES"
            isEnabled = "NO">
         </CommandLineArgument>
         <CommandLineArgument
            argument = "-VBAlwaysAttemptLegacyThumbnailMigration YES"
            isEnabled = "NO">
         </CommandLineArgument>
         <CommandLineArgument
            argument = "-VBSimulateGuestDiskImageGeneration YES"
            isEnabled = "NO">
         </CommandLineArgument>
         <CommandLineArgument
            argument = "-VBDelayGuestDiskImageGenerationBySeconds 20"
            isEnabled = "NO">
         </CommandLineArgument>
         <CommandLineArgument
            argument = "-VBSimulateGuestDiskImageGenerationError YES"
            isEnabled = "NO">
         </CommandLineArgument>
         <CommandLineArgument
            argument = "-VBOpenSettings YES"
            isEnabled = "NO">
         </CommandLineArgument>
      </CommandLineArguments>
   </LaunchAction>
   <ProfileAction
      buildConfiguration = "Release_Managed"
      shouldUseLaunchSchemeArgsEnv = "YES"
      savedToolIdentifier = ""
      useCustomWorkingDirectory = "NO"
      debugDocumentVersioning = "YES">
      <BuildableProductRunnable
         runnableDebuggingMode = "0">
         <BuildableReference
            BuildableIdentifier = "primary"
            BlueprintIdentifier = "F4BE9C4D27FF052100B648F8"
            BuildableName = "VirtualBuddy.app"
            BlueprintName = "VirtualBuddy"
            ReferencedContainer = "container:VirtualBuddy.xcodeproj">
         </BuildableReference>
      </BuildableProductRunnable>
   </ProfileAction>
   <AnalyzeAction
      buildConfiguration = "Debug_Managed">
   </AnalyzeAction>
   <ArchiveAction
      buildConfiguration = "Release_Managed"
      revealArchiveInOrganizer = "YES">
   </ArchiveAction>
</Scheme>
