{
  "originHash" : "36c900096800bbe4da43bdbaf98760910bf485bddbd5d7eda88c0276eaac6e4b",
  "pins" : [
    {
      "identity" : "buddykit",
      "kind" : "remoteSourceControl",
      "location" : "https://github.com/insidegui/BuddyKit",
      "state" : {
        "revision" : "0d8c630c1646b41d4e5164777a3ede53b7329b40",
        "version" : "1.9.4"
      }
    },
    {
      "identity" : "libfragmentzip",
      "kind" : "remoteSourceControl",
      "location" : "https://github.com/insidegui/libfragmentzip.git",
      "state" : {
        "revision" : "9f72ba6706fe4a16413d463a79eae52c374f3c29",
        "version" : "1.0.0"
      }
    },
    {
      "identity" : "managedpreferenceskit",
      "kind" : "remoteSourceControl",
      "location" : "https://github.com/insidegui/ManagedPreferencesKit.git",
      "state" : {
        "revision" : "6ae92a9521cd260fe1563aa711ded3e79d6f2148",
        "version" : "1.0.0"
      }
    },
    {
      "identity" : "sparkle",
      "kind" : "remoteSourceControl",
      "location" : "https://github.com/sparkle-project/Sparkle",
      "state" : {
        "revision" : "b6496a74a087257ef5e6da1c5b29a447a60f5bd7",
        "version" : "2.9.4"
      }
    },
    {
      "identity" : "swift-argument-parser",
      "kind" : "remoteSourceControl",
      "location" : "https://github.com/apple/swift-argument-parser",
      "state" : {
        "revision" : "011f0c765fb46d9cac61bca19be0527e99c98c8b",
        "version" : "1.5.1"
      }
    },
    {
      "identity" : "swiftui-introspect",
      "kind" : "remoteSourceControl",
      "location" : "https://github.com/siteline/swiftui-introspect",
      "state" : {
        "revision" : "aead9358a55f635d62d885aeb9105752c0213aec",
        "version" : "27.0.0-beta.1"
      }
    },
    {
      "identity" : "urlqueryitemcoder",
      "kind" : "remoteSourceControl",
      "location" : "https://github.com/kylehughes/URLQueryItemCoder.git",
      "state" : {
        "revision" : "a828b3bb5b273adf85a3ca95d9705987cb2de7c7",
        "version" : "1.0.0"
      }
    },
    {
      "identity" : "usbidkit",
      "kind" : "remoteSourceControl",
      "location" : "https://github.com/insidegui/USBIDKit.git",
      "state" : {
        "revision" : "561f6f6268e8edb98dfb34168d766b3dc0c2fc9c",
        "version" : "1.1.0"
      }
    },
    {
      "identity" : "vmbridge",
      "kind" : "remoteSourceControl",
      "location" : "https://github.com/insidegui/VMBridge.git",
      "state" : {
        "branch" : "main",
        "revision" : "a6ea8b99d63c02b901087180733e33f393acefc9"
      }
    }
  ],
  "version" : 3
}
