{
  "originHash" : "2607822a907132102de827352e442262a66c060062b67947a42796a20bea70b3",
  "pins" : [
    {
      "identity" : "sparkle",
      "kind" : "remoteSourceControl",
      "location" : "https://github.com/sparkle-project/Sparkle",
      "state" : {
        "revision" : "b456fd404954a9e13f55aa0c88cd5a40b8399638",
        "version" : "2.6.3"
      }
    },
    {
      "identity" : "swift-argument-parser",
      "kind" : "remoteSourceControl",
      "location" : "https://github.com/apple/swift-argument-parser",
      "state" : {
        "revision" : "41982a3656a71c768319979febd796c6fd111d5c",
        "version" : "1.5.0"
      }
    },
    {
      "identity" : "swiftui-introspect",
      "kind" : "remoteSourceControl",
      "location" : "https://github.com/insidegui/swiftui-introspect.git",
      "state" : {
        "branch" : "macOS15",
        "revision" : "65046b6a298c469bfbf49fbb4531bd09d9b53428"
      }
    },
    {
      "identity" : "urlqueryitemcoder",
      "kind" : "remoteSourceControl",
      "location" : "https://github.com/kylehughes/URLQueryItemCoder.git",
      "state" : {
        "revision" : "a828b3bb5b273adf85a3ca95d9705987cb2de7c7",
        "version" : "1.0.0"
      }
    }
  ],
  "version" : 3
}
